// !$*UTF8*$!
{
	archiveVersion = 1;
	classes = {
	};
	objectVersion = 50;
	objects = {

/* Begin PBXBuildFile section */
		A466E33223CAEFEF00DD5CB2 /* AppDelegate.m in Sources */ = {isa = PBXBuildFile; fileRef = A466E33123CAEFEF00DD5CB2 /* AppDelegate.m */; };
		A466E33523CAEFEF00DD5CB2 /* SceneDelegate.m in Sources */ = {isa = PBXBuildFile; fileRef = A466E33423CAEFEF00DD5CB2 /* SceneDelegate.m */; };
		A466E33823CAEFEF00DD5CB2 /* ViewController.m in Sources */ = {isa = PBXBuildFile; fileRef = A466E33723CAEFEF00DD5CB2 /* ViewController.m */; };
		A466E33B23CAEFEF00DD5CB2 /* Main.storyboard in Resources */ = {isa = PBXBuildFile; fileRef = A466E33923CAEFEF00DD5CB2 /* Main.storyboard */; };
		A466E33D23CAEFEF00DD5CB2 /* Assets.xcassets in Resources */ = {isa = PBXBuildFile; fileRef = A466E33C23CAEFEF00DD5CB2 /* Assets.xcassets */; };
		A466E34023CAEFEF00DD5CB2 /* LaunchScreen.storyboard in Resources */ = {isa = PBXBuildFile; fileRef = A466E33E23CAEFEF00DD5CB2 /* LaunchScreen.storyboard */; };
		A466E34323CAEFEF00DD5CB2 /* main.m in Sources */ = {isa = PBXBuildFile; fileRef = A466E34223CAEFEF00DD5CB2 /* main.m */; };
		A466E34B23CAF21500DD5CB2 /* PhotoCell.m in Sources */ = {isa = PBXBuildFile; fileRef = A466E34A23CAF21500DD5CB2 /* PhotoCell.m */; };
		A466E34E23CAFF7200DD5CB2 /* GalleryLayout.m in Sources */ = {isa = PBXBuildFile; fileRef = A466E34D23CAFF7200DD5CB2 /* GalleryLayout.m */; };
/* End PBXBuildFile section */

/* Begin PBXFileReference section */
		A466E32D23CAEFEF00DD5CB2 /* 02.OC-UICollectionView-CustomLayout.app */ = {isa = PBXFileReference; explicitFileType = wrapper.application; includeInIndex = 0; path = "02.OC-UICollectionView-CustomLayout.app"; sourceTree = BUILT_PRODUCTS_DIR; };
		A466E33023CAEFEF00DD5CB2 /* AppDelegate.h */ = {isa = PBXFileReference; lastKnownFileType = sourcecode.c.h; path = AppDelegate.h; sourceTree = "<group>"; };
		A466E33123CAEFEF00DD5CB2 /* AppDelegate.m */ = {isa = PBXFileReference; lastKnownFileType = sourcecode.c.objc; path = AppDelegate.m; sourceTree = "<group>"; };
		A466E33323CAEFEF00DD5CB2 /* SceneDelegate.h */ = {isa = PBXFileReference; lastKnownFileType = sourcecode.c.h; path = SceneDelegate.h; sourceTree = "<group>"; };
		A466E33423CAEFEF00DD5CB2 /* SceneDelegate.m */ = {isa = PBXFileReference; lastKnownFileType = sourcecode.c.objc; path = SceneDelegate.m; sourceTree = "<group>"; };
		A466E33623CAEFEF00DD5CB2 /* ViewController.h */ = {isa = PBXFileReference; lastKnownFileType = sourcecode.c.h; path = ViewController.h; sourceTree = "<group>"; };
		A466E33723CAEFEF00DD5CB2 /* ViewController.m */ = {isa = PBXFileReference; lastKnownFileType = sourcecode.c.objc; path = ViewController.m; sourceTree = "<group>"; };
		A466E33A23CAEFEF00DD5CB2 /* Base */ = {isa = PBXFileReference; lastKnownFileType = file.storyboard; name = Base; path = Base.lproj/Main.storyboard; sourceTree = "<group>"; };
		A466E33C23CAEFEF00DD5CB2 /* Assets.xcassets */ = {isa = PBXFileReference; lastKnownFileType = folder.assetcatalog; path = Assets.xcassets; sourceTree = "<group>"; };
		A466E33F23CAEFEF00DD5CB2 /* Base */ = {isa = PBXFileReference; lastKnownFileType = file.storyboard; name = Base; path = Base.lproj/LaunchScreen.storyboard; sourceTree = "<group>"; };
		A466E34123CAEFEF00DD5CB2 /* Info.plist */ = {isa = PBXFileReference; lastKnownFileType = text.plist.xml; path = Info.plist; sourceTree = "<group>"; };
		A466E34223CAEFEF00DD5CB2 /* main.m */ = {isa = PBXFileReference; lastKnownFileType = sourcecode.c.objc; path = main.m; sourceTree = "<group>"; };
		A466E34923CAF21500DD5CB2 /* PhotoCell.h */ = {isa = PBXFileReference; lastKnownFileType = sourcecode.c.h; path = PhotoCell.h; sourceTree = "<group>"; };
		A466E34A23CAF21500DD5CB2 /* PhotoCell.m */ = {isa = PBXFileReference; lastKnownFileType = sourcecode.c.objc; path = PhotoCell.m; sourceTree = "<group>"; };
		A466E34C23CAFF7200DD5CB2 /* GalleryLayout.h */ = {isa = PBXFileReference; lastKnownFileType = sourcecode.c.h; path = GalleryLayout.h; sourceTree = "<group>"; };
		A466E34D23CAFF7200DD5CB2 /* GalleryLayout.m */ = {isa = PBXFileReference; lastKnownFileType = sourcecode.c.objc; path = GalleryLayout.m; sourceTree = "<group>"; };
/* End PBXFileReference section */

/* Begin PBXFrameworksBuildPhase section */
		A466E32A23CAEFEF00DD5CB2 /* Frameworks */ = {
			isa = PBXFrameworksBuildPhase;
			buildActionMask = 2147483647;
			files = (
			);
			runOnlyForDeploymentPostprocessing = 0;
		};
/* End PBXFrameworksBuildPhase section */

/* Begin PBXGroup section */
		A466E32423CAEFEF00DD5CB2 = {
			isa = PBXGroup;
			children = (
				A466E32F23CAEFEF00DD5CB2 /* 02.OC-UICollectionView-CustomLayout */,
				A466E32E23CAEFEF00DD5CB2 /* Products */,
			);
			sourceTree = "<group>";
		};
		A466E32E23CAEFEF00DD5CB2 /* Products */ = {
			isa = PBXGroup;
			children = (
				A466E32D23CAEFEF00DD5CB2 /* 02.OC-UICollectionView-CustomLayout.app */,
			);
			name = Products;
			sourceTree = "<group>";
		};
		A466E32F23CAEFEF00DD5CB2 /* 02.OC-UICollectionView-CustomLayout */ = {
			isa = PBXGroup;
			children = (
				A466E33023CAEFEF00DD5CB2 /* AppDelegate.h */,
				A466E33123CAEFEF00DD5CB2 /* AppDelegate.m */,
				A466E33323CAEFEF00DD5CB2 /* SceneDelegate.h */,
				A466E33423CAEFEF00DD5CB2 /* SceneDelegate.m */,
				A466E33623CAEFEF00DD5CB2 /* ViewController.h */,
				A466E33723CAEFEF00DD5CB2 /* ViewController.m */,
				A466E33923CAEFEF00DD5CB2 /* Main.storyboard */,
				A466E33C23CAEFEF00DD5CB2 /* Assets.xcassets */,
				A466E33E23CAEFEF00DD5CB2 /* LaunchScreen.storyboard */,
				A466E34123CAEFEF00DD5CB2 /* Info.plist */,
				A466E34223CAEFEF00DD5CB2 /* main.m */,
				A466E34923CAF21500DD5CB2 /* PhotoCell.h */,
				A466E34A23CAF21500DD5CB2 /* PhotoCell.m */,
				A466E34C23CAFF7200DD5CB2 /* GalleryLayout.h */,
				A466E34D23CAFF7200DD5CB2 /* GalleryLayout.m */,
			);
			path = "02.OC-UICollectionView-CustomLayout";
			sourceTree = "<group>";
		};
/* End PBXGroup section */

/* Begin PBXNativeTarget section */
		A466E32C23CAEFEF00DD5CB2 /* 02.OC-UICollectionView-CustomLayout */ = {
			isa = PBXNativeTarget;
			buildConfigurationList = A466E34623CAEFEF00DD5CB2 /* Build configuration list for PBXNativeTarget "02.OC-UICollectionView-CustomLayout" */;
			buildPhases = (
				A466E32923CAEFEF00DD5CB2 /* Sources */,
				A466E32A23CAEFEF00DD5CB2 /* Frameworks */,
				A466E32B23CAEFEF00DD5CB2 /* Resources */,
			);
			buildRules = (
			);
			dependencies = (
			);
			name = "02.OC-UICollectionView-CustomLayout";
			productName = "02.OC-UICollectionView-CustomLayout";
			productReference = A466E32D23CAEFEF00DD5CB2 /* 02.OC-UICollectionView-CustomLayout.app */;
			productType = "com.apple.product-type.application";
		};
/* End PBXNativeTarget section */

/* Begin PBXProject section */
		A466E32523CAEFEF00DD5CB2 /* Project object */ = {
			isa = PBXProject;
			attributes = {
				LastUpgradeCheck = 1120;
				ORGANIZATIONNAME = android_ls;
				TargetAttributes = {
					A466E32C23CAEFEF00DD5CB2 = {
						CreatedOnToolsVersion = 11.2.1;
					};
				};
			};
			buildConfigurationList = A466E32823CAEFEF00DD5CB2 /* Build configuration list for PBXProject "02.OC-UICollectionView-CustomLayout" */;
			compatibilityVersion = "Xcode 9.3";
			developmentRegion = en;
			hasScannedForEncodings = 0;
			knownRegions = (
				en,
				Base,
			);
			mainGroup = A466E32423CAEFEF00DD5CB2;
			productRefGroup = A466E32E23CAEFEF00DD5CB2 /* Products */;
			projectDirPath = "";
			projectRoot = "";
			targets = (
				A466E32C23CAEFEF00DD5CB2 /* 02.OC-UICollectionView-CustomLayout */,
			);
		};
/* End PBXProject section */

/* Begin PBXResourcesBuildPhase section */
		A466E32B23CAEFEF00DD5CB2 /* Resources */ = {
			isa = PBXResourcesBuildPhase;
			buildActionMask = 2147483647;
			files = (
				A466E34023CAEFEF00DD5CB2 /* LaunchScreen.storyboard in Resources */,
				A466E33D23CAEFEF00DD5CB2 /* Assets.xcassets in Resources */,
				A466E33B23CAEFEF00DD5CB2 /* Main.storyboard in Resources */,
			);
			runOnlyForDeploymentPostprocessing = 0;
		};
/* End PBXResourcesBuildPhase section */

/* Begin PBXSourcesBuildPhase section */
		A466E32923CAEFEF00DD5CB2 /* Sources */ = {
			isa = PBXSourcesBuildPhase;
			buildActionMask = 2147483647;
			files = (
				A466E34E23CAFF7200DD5CB2 /* GalleryLayout.m in Sources */,
				A466E33823CAEFEF00DD5CB2 /* ViewController.m in Sources */,
				A466E34B23CAF21500DD5CB2 /* PhotoCell.m in Sources */,
				A466E33223CAEFEF00DD5CB2 /* AppDelegate.m in Sources */,
				A466E34323CAEFEF00DD5CB2 /* main.m in Sources */,
				A466E33523CAEFEF00DD5CB2 /* SceneDelegate.m in Sources */,
			);
			runOnlyForDeploymentPostprocessing = 0;
		};
/* End PBXSourcesBuildPhase section */

/* Begin PBXVariantGroup section */
		A466E33923CAEFEF00DD5CB2 /* Main.storyboard */ = {
			isa = PBXVariantGroup;
			children = (
				A466E33A23CAEFEF00DD5CB2 /* Base */,
			);
			name = Main.storyboard;
			sourceTree = "<group>";
		};
		A466E33E23CAEFEF00DD5CB2 /* LaunchScreen.storyboard */ = {
			isa = PBXVariantGroup;
			children = (
				A466E33F23CAEFEF00DD5CB2 /* Base */,
			);
			name = LaunchScreen.storyboard;
			sourceTree = "<group>";
		};
/* End PBXVariantGroup section */

/* Begin XCBuildConfiguration section */
		A466E34423CAEFEF00DD5CB2 /* Debug */ = {
			isa = XCBuildConfiguration;
			buildSettings = {
				ALWAYS_SEARCH_USER_PATHS = NO;
				CLANG_ANALYZER_NONNULL = YES;
				CLANG_ANALYZER_NUMBER_OBJECT_CONVERSION = YES_AGGRESSIVE;
				CLANG_CXX_LANGUAGE_STANDARD = "gnu++14";
				CLANG_CXX_LIBRARY = "libc++";
				CLANG_ENABLE_MODULES = YES;
				CLANG_ENABLE_OBJC_ARC = YES;
				CLANG_ENABLE_OBJC_WEAK = YES;
				CLANG_WARN_BLOCK_CAPTURE_AUTORELEASING = YES;
				CLANG_WARN_BOOL_CONVERSION = YES;
				CLANG_WARN_COMMA = YES;
				CLANG_WARN_CONSTANT_CONVERSION = YES;
				CLANG_WARN_DEPRECATED_OBJC_IMPLEMENTATIONS = YES;
				CLANG_WARN_DIRECT_OBJC_ISA_USAGE = YES_ERROR;
				CLANG_WARN_DOCUMENTATION_COMMENTS = YES;
				CLANG_WARN_EMPTY_BODY = YES;
				CLANG_WARN_ENUM_CONVERSION = YES;
				CLANG_WARN_INFINITE_RECURSION = YES;
				CLANG_WARN_INT_CONVERSION = YES;
				CLANG_WARN_NON_LITERAL_NULL_CONVERSION = YES;
				CLANG_WARN_OBJC_IMPLICIT_RETAIN_SELF = YES;
				CLANG_WARN_OBJC_LITERAL_CONVERSION = YES;
				CLANG_WARN_OBJC_ROOT_CLASS = YES_ERROR;
				CLANG_WARN_RANGE_LOOP_ANALYSIS = YES;
				CLANG_WARN_STRICT_PROTOTYPES = YES;
				CLANG_WARN_SUSPICIOUS_MOVE = YES;
				CLANG_WARN_UNGUARDED_AVAILABILITY = YES_AGGRESSIVE;
				CLANG_WARN_UNREACHABLE_CODE = YES;
				CLANG_WARN__DUPLICATE_METHOD_MATCH = YES;
				COPY_PHASE_STRIP = NO;
				DEBUG_INFORMATION_FORMAT = dwarf;
				ENABLE_STRICT_OBJC_MSGSEND = YES;
				ENABLE_TESTABILITY = YES;
				GCC_C_LANGUAGE_STANDARD = gnu11;
				GCC_DYNAMIC_NO_PIC = NO;
				GCC_NO_COMMON_BLOCKS = YES;
				GCC_OPTIMIZATION_LEVEL = 0;
				GCC_PREPROCESSOR_DEFINITIONS = (
					"DEBUG=1",
					"$(inherited)",
				);
				GCC_WARN_64_TO_32_BIT_CONVERSION = YES;
				GCC_WARN_ABOUT_RETURN_TYPE = YES_ERROR;
				GCC_WARN_UNDECLARED_SELECTOR = YES;
				GCC_WARN_UNINITIALIZED_AUTOS = YES_AGGRESSIVE;
				GCC_WARN_UNUSED_FUNCTION = YES;
				GCC_WARN_UNUSED_VARIABLE = YES;
				IPHONEOS_DEPLOYMENT_TARGET = 13.2;
				MTL_ENABLE_DEBUG_INFO = INCLUDE_SOURCE;
				MTL_FAST_MATH = YES;
				ONLY_ACTIVE_ARCH = YES;
				SDKROOT = iphoneos;
			};
			name = Debug;
		};
		A466E34523CAEFEF00DD5CB2 /* Release */ = {
			isa = XCBuildConfiguration;
			buildSettings = {
				ALWAYS_SEARCH_USER_PATHS = NO;
				CLANG_ANALYZER_NONNULL = YES;
				CLANG_ANALYZER_NUMBER_OBJECT_CONVERSION = YES_AGGRESSIVE;
				CLANG_CXX_LANGUAGE_STANDARD = "gnu++14";
				CLANG_CXX_LIBRARY = "libc++";
				CLANG_ENABLE_MODULES = YES;
				CLANG_ENABLE_OBJC_ARC = YES;
				CLANG_ENABLE_OBJC_WEAK = YES;
				CLANG_WARN_BLOCK_CAPTURE_AUTORELEASING = YES;
				CLANG_WARN_BOOL_CONVERSION = YES;
				CLANG_WARN_COMMA = YES;
				CLANG_WARN_CONSTANT_CONVERSION = YES;
				CLANG_WARN_DEPRECATED_OBJC_IMPLEMENTATIONS = YES;
				CLANG_WARN_DIRECT_OBJC_ISA_USAGE = YES_ERROR;
				CLANG_WARN_DOCUMENTATION_COMMENTS = YES;
				CLANG_WARN_EMPTY_BODY = YES;
				CLANG_WARN_ENUM_CONVERSION = YES;
				CLANG_WARN_INFINITE_RECURSION = YES;
				CLANG_WARN_INT_CONVERSION = YES;
				CLANG_WARN_NON_LITERAL_NULL_CONVERSION = YES;
				CLANG_WARN_OBJC_IMPLICIT_RETAIN_SELF = YES;
				CLANG_WARN_OBJC_LITERAL_CONVERSION = YES;
				CLANG_WARN_OBJC_ROOT_CLASS = YES_ERROR;
				CLANG_WARN_RANGE_LOOP_ANALYSIS = YES;
				CLANG_WARN_STRICT_PROTOTYPES = YES;
				CLANG_WARN_SUSPICIOUS_MOVE = YES;
				CLANG_WARN_UNGUARDED_AVAILABILITY = YES_AGGRESSIVE;
				CLANG_WARN_UNREACHABLE_CODE = YES;
				CLANG_WARN__DUPLICATE_METHOD_MATCH = YES;
				COPY_PHASE_STRIP = NO;
				DEBUG_INFORMATION_FORMAT = "dwarf-with-dsym";
				ENABLE_NS_ASSERTIONS = NO;
				ENABLE_STRICT_OBJC_MSGSEND = YES;
				GCC_C_LANGUAGE_STANDARD = gnu11;
				GCC_NO_COMMON_BLOCKS = YES;
				GCC_WARN_64_TO_32_BIT_CONVERSION = YES;
				GCC_WARN_ABOUT_RETURN_TYPE = YES_ERROR;
				GCC_WARN_UNDECLARED_SELECTOR = YES;
				GCC_WARN_UNINITIALIZED_AUTOS = YES_AGGRESSIVE;
				GCC_WARN_UNUSED_FUNCTION = YES;
				GCC_WARN_UNUSED_VARIABLE = YES;
				IPHONEOS_DEPLOYMENT_TARGET = 13.2;
				MTL_ENABLE_DEBUG_INFO = NO;
				MTL_FAST_MATH = YES;
				SDKROOT = iphoneos;
				VALIDATE_PRODUCT = YES;
			};
			name = Release;
		};
		A466E34723CAEFEF00DD5CB2 /* Debug */ = {
			isa = XCBuildConfiguration;
			buildSettings = {
				ASSETCATALOG_COMPILER_APPICON_NAME = AppIcon;
				CODE_SIGN_STYLE = Automatic;
				INFOPLIST_FILE = "02.OC-UICollectionView-CustomLayout/Info.plist";
				LD_RUNPATH_SEARCH_PATHS = (
					"$(inherited)",
					"@executable_path/Frameworks",
				);
				PRODUCT_BUNDLE_IDENTIFIER = "com.anbetter.-2-OC-UICollectionView-CustomLayout";
				PRODUCT_NAME = "$(TARGET_NAME)";
				TARGETED_DEVICE_FAMILY = "1,2";
			};
			name = Debug;
		};
		A466E34823CAEFEF00DD5CB2 /* Release */ = {
			isa = XCBuildConfiguration;
			buildSettings = {
				ASSETCATALOG_COMPILER_APPICON_NAME = AppIcon;
				CODE_SIGN_STYLE = Automatic;
				INFOPLIST_FILE = "02.OC-UICollectionView-CustomLayout/Info.plist";
				LD_RUNPATH_SEARCH_PATHS = (
					"$(inherited)",
					"@executable_path/Frameworks",
				);
				PRODUCT_BUNDLE_IDENTIFIER = "com.anbetter.-2-OC-UICollectionView-CustomLayout";
				PRODUCT_NAME = "$(TARGET_NAME)";
				TARGETED_DEVICE_FAMILY = "1,2";
			};
			name = Release;
		};
/* End XCBuildConfiguration section */

/* Begin XCConfigurationList section */
		A466E32823CAEFEF00DD5CB2 /* Build configuration list for PBXProject "02.OC-UICollectionView-CustomLayout" */ = {
			isa = XCConfigurationList;
			buildConfigurations = (
				A466E34423CAEFEF00DD5CB2 /* Debug */,
				A466E34523CAEFEF00DD5CB2 /* Release */,
			);
			defaultConfigurationIsVisible = 0;
			defaultConfigurationName = Release;
		};
		A466E34623CAEFEF00DD5CB2 /* Build configuration list for PBXNativeTarget "02.OC-UICollectionView-CustomLayout" */ = {
			isa = XCConfigurationList;
			buildConfigurations = (
				A466E34723CAEFEF00DD5CB2 /* Debug */,
				A466E34823CAEFEF00DD5CB2 /* Release */,
			);
			defaultConfigurationIsVisible = 0;
			defaultConfigurationName = Release;
		};
/* End XCConfigurationList section */
	};
	rootObject = A466E32523CAEFEF00DD5CB2 /* Project object */;
}
